<?xml version="1.0" encoding="utf-8"?>
<Project ToolsVersion="4.0" xmlns="http://schemas.microsoft.com/developer/msbuild/2003">
  <ItemGroup>
    <Filter Include="リソース ファイル">
      <UniqueIdentifier>{67DA6AB6-F800-4c08-8B7A-83BB121AAD01}</UniqueIdentifier>
      <Extensions>rc;ico;cur;bmp;dlg;rc2;rct;bin;rgs;gif;jpg;jpeg;jpe;resx;tiff;tif;png;wav;mfcribbon-ms</Extensions>
    </Filter>
    <Filter Include="DirectX">
      <UniqueIdentifier>{0fb766f5-6a0e-45d5-883b-efc3ea0ccdcf}</UniqueIdentifier>
    </Filter>
    <Filter Include="Main">
      <UniqueIdentifier>{4FC737F1-C7A5-4376-A066-2A32D752A2FF}</UniqueIdentifier>
      <Extensions>cpp;c;cc;cxx;def;odl;idl;hpj;bat;asm;asmx</Extensions>
    </Filter>
    <Filter Include="Main\Image">
      <UniqueIdentifier>{6a6f37d6-34fb-413c-805f-7f82000f5c86}</UniqueIdentifier>
    </Filter>
    <Filter Include="Main\MyClass">
      <UniqueIdentifier>{a2a90196-53f9-46ab-b764-ebec3890d395}</UniqueIdentifier>
    </Filter>
    <Filter Include="Main\System">
      <UniqueIdentifier>{b7292c72-0755-4576-bae5-5050bc60b8fa}</UniqueIdentifier>
    </Filter>
    <Filter Include="Main\Loop">
      <UniqueIdentifier>{ce672879-aa9c-4b38-8e35-706f2303a3d9}</UniqueIdentifier>
    </Filter>
    <Filter Include="Main\Input">
      <UniqueIdentifier>{bd650ae0-bae6-4d85-9e11-e4eece103fd2}</UniqueIdentifier>
    </Filter>
    <Filter Include="Main\Scene">
      <UniqueIdentifier>{b3602200-23ae-47e2-a398-de51c5f210fc}</UniqueIdentifier>
    </Filter>
    <Filter Include="Main\GameObject">
      <UniqueIdentifier>{b13c2435-6053-43cd-99a5-865c3b338c45}</UniqueIdentifier>
    </Filter>
    <Filter Include="Main\Scene\Game">
      <UniqueIdentifier>{ced59224-d380-4577-950d-d695dcdd0035}</UniqueIdentifier>
    </Filter>
    <Filter Include="Main\Scene\Title">
      <UniqueIdentifier>{d451575d-95e0-42cb-a566-38499e1fee44}</UniqueIdentifier>
    </Filter>
  </ItemGroup>
  <ItemGroup>
    <ClCompile Include="WinMain.cpp">
      <Filter>Main</Filter>
    </ClCompile>
    <ClCompile Include="DirectX9\DirectX.cpp">
      <Filter>DirectX</Filter>
    </ClCompile>
    <ClCompile Include="DirectX9\DX9_Device.cpp">
      <Filter>DirectX</Filter>
    </ClCompile>
    <ClCompile Include="DirectX9\DX9_Texture.cpp">
      <Filter>DirectX</Filter>
    </ClCompile>
    <ClCompile Include="DirectX9\DX9_Font.cpp">
      <Filter>DirectX</Filter>
    </ClCompile>
    <ClCompile Include="DirectX9\DX9_Sprire.cpp">
      <Filter>DirectX</Filter>
    </ClCompile>
    <ClCompile Include="Image.cpp">
      <Filter>Main\Image</Filter>
    </ClCompile>
    <ClCompile Include="Game.cpp">
      <Filter>Main\Scene\Game</Filter>
    </ClCompile>
    <ClCompile Include="MyClass.cpp">
      <Filter>Main\MyClass</Filter>
    </ClCompile>
    <ClCompile Include="System.cpp">
      <Filter>Main\System</Filter>
    </ClCompile>
    <ClCompile Include="Mainloop.cpp">
      <Filter>Main\Loop</Filter>
    </ClCompile>
    <ClCompile Include="DirectX9\DX9_Input.cpp">
      <Filter>DirectX</Filter>
    </ClCompile>
    <ClCompile Include="Keyboard.cpp">
      <Filter>Main\Input</Filter>
    </ClCompile>
    <ClCompile Include="Pad.cpp">
      <Filter>Main\Input</Filter>
    </ClCompile>
    <ClCompile Include="DirectX9\wav.cpp">
      <Filter>DirectX</Filter>
    </ClCompile>
    <ClCompile Include="DirectX9\audio.cpp">
      <Filter>DirectX</Filter>
    </ClCompile>
    <ClCompile Include="SceneManager.cpp">
      <Filter>Main\Scene</Filter>
    </ClCompile>
    <ClCompile Include="Title.cpp">
      <Filter>Main\Scene\Title</Filter>
    </ClCompile>
  </ItemGroup>
  <ItemGroup>
    <ClInclude Include="DirectX9\DirectX.h">
      <Filter>DirectX</Filter>
    </ClInclude>
    <ClInclude Include="DirectX9\DX9_Device.h">
      <Filter>DirectX</Filter>
    </ClInclude>
    <ClInclude Include="DirectX9\DX9_Texture.h">
      <Filter>DirectX</Filter>
    </ClInclude>
    <ClInclude Include="DirectX9\DX9_Font.h">
      <Filter>DirectX</Filter>
    </ClInclude>
    <ClInclude Include="DirectX9\DX9_Sprire.h">
      <Filter>DirectX</Filter>
    </ClInclude>
    <ClInclude Include="Image.h">
      <Filter>Main\Image</Filter>
    </ClInclude>
    <ClInclude Include="Game.h">
      <Filter>Main\Scene\Game</Filter>
    </ClInclude>
    <ClInclude Include="System.h">
      <Filter>Main\System</Filter>
    </ClInclude>
    <ClInclude Include="Mainloop.h">
      <Filter>Main\Loop</Filter>
    </ClInclude>
    <ClInclude Include="MyClass.h">
      <Filter>Main\MyClass</Filter>
    </ClInclude>
    <ClInclude Include="DirectX9\DX9_Input.h">
      <Filter>DirectX</Filter>
    </ClInclude>
    <ClInclude Include="Keyboard.h">
      <Filter>Main\Input</Filter>
    </ClInclude>
    <ClInclude Include="Pad.h">
      <Filter>Main\Input</Filter>
    </ClInclude>
    <ClInclude Include="DirectX9\wav.h">
      <Filter>DirectX</Filter>
    </ClInclude>
    <ClInclude Include="DirectX9\audio.h">
      <Filter>DirectX</Filter>
    </ClInclude>
    <ClInclude Include="Scene.h">
      <Filter>Main\Scene</Filter>
    </ClInclude>
    <ClInclude Include="SceneManager.h">
      <Filter>Main\Scene</Filter>
    </ClInclude>
    <ClInclude Include="GameObjcet.h">
      <Filter>Main\GameObject</Filter>
    </ClInclude>
    <ClInclude Include="Title.h">
      <Filter>Main\Scene\Title</Filter>
    </ClInclude>
    <ClInclude Include="easing.hpp">
      <Filter>Main</Filter>
    </ClInclude>
  </ItemGroup>
  <ItemGroup>
    <ResourceCompile Include="Icon.rc">
      <Filter>リソース ファイル</Filter>
    </ResourceCompile>
  </ItemGroup>
</Project>